<?xml version="1.0" encoding="utf-8"?>
<Project ToolsVersion="4.0" xmlns="http://schemas.microsoft.com/developer/msbuild/2003">
  <ItemGroup>
    <Filter Include="Source Files">
      <UniqueIdentifier>{4FC737F1-C7A5-4376-A066-2A32D752A2FF}</UniqueIdentifier>
      <Extensions>cpp;c;cc;cxx;def;odl;idl;hpj;bat;asm;asmx</Extensions>
    </Filter>
    <Filter Include="Header Files">
      <UniqueIdentifier>{93995380-89BD-4b04-88EB-625FBE52EBFB}</UniqueIdentifier>
      <Extensions>h;hh;hpp;hxx;hm;inl;inc;ipp;xsd</Extensions>
    </Filter>
    <Filter Include="Resource Files">
      <UniqueIdentifier>{67DA6AB6-F800-4c08-8B7A-83BB121AAD01}</UniqueIdentifier>
      <Extensions>rc;ico;cur;bmp;dlg;rc2;rct;bin;rgs;gif;jpg;jpeg;jpe;resx;tiff;tif;png;wav;mfcribbon-ms</Extensions>
    </Filter>
    <Filter Include="Shader Files">
      <UniqueIdentifier>{9973ed50-5a7e-479d-9f5f-f475e7fed323}</UniqueIdentifier>
    </Filter>
  </ItemGroup>
  <ItemGroup>
    <None Include="Shaders\cube_fs.glsl">
      <Filter>Shader Files</Filter>
    </None>
    <None Include="Shaders\cube_fs_extra.glsl">
      <Filter>Shader Files</Filter>
    </None>
    <None Include="Shaders\cube_vs.glsl">
      <Filter>Shader Files</Filter>
    </None>
    <None Include="Shaders\cube_vs_shared.glsl">
      <Filter>Shader Files</Filter>
    </None>
    <None Include="Shaders\default_fs.glsl">
      <Filter>Shader Files</Filter>
    </None>
    <None Include="Shaders\default_vs.glsl">
      <Filter>Shader Files</Filter>
    </None>
    <None Include="Shaders\force_color_fs.glsl">
      <Filter>Shader Files</Filter>
    </None>
    <None Include="Shaders\force_color_rcv_fs.glsl">
      <Filter>Shader Files</Filter>
    </None>
    <None Include="Shaders\force_color_vs.glsl">
      <Filter>Shader Files</Filter>
    </None>
    <None Include="Shaders\FragmentShader.glsl">
      <Filter>Shader Files</Filter>
    </None>
    <None Include="Shaders\FragmentShaderCamera.glsl">
      <Filter>Shader Files</Filter>
    </None>
    <None Include="Shaders\VertexShader.glsl">
      <Filter>Shader Files</Filter>
    </None>
    <None Include="Shaders\VertexShaderCamera.glsl">
      <Filter>Shader Files</Filter>
    </None>
    <None Include="Shaders\texShader_fs.glsl">
      <Filter>Shader Files</Filter>
    </None>
    <None Include="Shaders\texShader_vs.glsl">
      <Filter>Shader Files</Filter>
    </None>
    <None Include="Shaders\texShader_color_fs.glsl">
      <Filter>Shader Files</Filter>
    </None>
    <None Include="Shaders\texShader_color_vs.glsl">
      <Filter>Shader Files</Filter>
    </None>
    <None Include="Shaders\particle_fs.glsl">
      <Filter>Shader Files</Filter>
    </None>
    <None Include="Shaders\particle_vs.glsl">
      <Filter>Shader Files</Filter>
    </None>
    <None Include="Shaders\particle_gs.glsl">
      <Filter>Shader Files</Filter>
    </None>
    <None Include="Shaders\particle_withgs_vs.glsl">
      <Filter>Shader Files</Filter>
    </None>
    <None Include="Shaders\particle_light_fs.glsl">
      <Filter>Shader Files</Filter>
    </None>
    <None Include="Shaders\particle_light_proper_fs.glsl">
      <Filter>Shader Files</Filter>
    </None>
    <None Include="Shaders\tfb_fs.glsl">
      <Filter>Shader Files</Filter>
    </None>
    <None Include="Shaders\tfb_gs.glsl">
      <Filter>Shader Files</Filter>
    </None>
    <None Include="Shaders\tfb_vs.glsl">
      <Filter>Shader Files</Filter>
    </None>
    <None Include="Shaders\tfb_billboard_fs.glsl">
      <Filter>Shader Files</Filter>
    </None>
    <None Include="Shaders\tfb_billboard_gs.glsl">
      <Filter>Shader Files</Filter>
    </None>
    <None Include="Shaders\tfb_billboard_vs.glsl">
      <Filter>Shader Files</Filter>
    </None>
    <None Include="Shaders\tfb_update_gs.glsl">
      <Filter>Shader Files</Filter>
    </None>
    <None Include="Shaders\tfb_update_vs.glsl">
      <Filter>Shader Files</Filter>
    </None>
    <None Include="Shaders\tfb_update_fs.glsl">
      <Filter>Shader Files</Filter>
    </None>
  </ItemGroup>
  <ItemGroup>
    <ClCompile Include="src\Anime.cpp">
      <Filter>Source Files</Filter>
    </ClCompile>
    <ClCompile Include="src\KeyBuffer.cpp">
      <Filter>Source Files</Filter>
    </ClCompile>
    <ClCompile Include="src\Mesh.cpp">
      <Filter>Source Files</Filter>
    </ClCompile>
    <ClCompile Include="src\MeshLoader.cpp">
      <Filter>Source Files</Filter>
    </ClCompile>
    <ClCompile Include="src\Scene.cpp">
      <Filter>Source Files</Filter>
    </ClCompile>
    <ClCompile Include="src\ShaderProgram.cpp">
      <Filter>Source Files</Filter>
    </ClCompile>
    <ClCompile Include="src\Texture.cpp">
      <Filter>Source Files</Filter>
    </ClCompile>
    <ClCompile Include="src\TextureLoader.cpp">
      <Filter>Source Files</Filter>
    </ClCompile>
    <ClCompile Include="src\Engine.cpp">
      <Filter>Source Files</Filter>
    </ClCompile>
    <ClCompile Include="src\Qtrn.cpp">
      <Filter>Source Files</Filter>
    </ClCompile>
    <ClCompile Include="src\Matrix.cpp">
      <Filter>Source Files</Filter>
    </ClCompile>
    <ClCompile Include="src\Vector.cpp">
      <Filter>Source Files</Filter>
    </ClCompile>
    <ClCompile Include="src\Camera.cpp">
      <Filter>Source Files</Filter>
    </ClCompile>
    <ClCompile Include="src\Particle.cpp">
      <Filter>Source Files</Filter>
    </ClCompile>
    <ClCompile Include="src\LightSource.cpp">
      <Filter>Source Files</Filter>
    </ClCompile>
  </ItemGroup>
  <ItemGroup>
    <ClInclude Include="include\Anime.h">
      <Filter>Header Files</Filter>
    </ClInclude>
    <ClInclude Include="include\Catalog.h">
      <Filter>Header Files</Filter>
    </ClInclude>
    <ClInclude Include="include\KeyBuffer.h">
      <Filter>Header Files</Filter>
    </ClInclude>
    <ClInclude Include="include\Mesh.h">
      <Filter>Header Files</Filter>
    </ClInclude>
    <ClInclude Include="include\MeshLoader.h">
      <Filter>Header Files</Filter>
    </ClInclude>
    <ClInclude Include="include\Scene.h">
      <Filter>Header Files</Filter>
    </ClInclude>
    <ClInclude Include="include\ShaderProgram.h">
      <Filter>Header Files</Filter>
    </ClInclude>
    <ClInclude Include="include\stb_image.h">
      <Filter>Header Files</Filter>
    </ClInclude>
    <ClInclude Include="include\Texture.h">
      <Filter>Header Files</Filter>
    </ClInclude>
    <ClInclude Include="include\Qtrn.h">
      <Filter>Header Files</Filter>
    </ClInclude>
    <ClInclude Include="include\Camera.h">
      <Filter>Header Files</Filter>
    </ClInclude>
    <ClInclude Include="include\Vector.h">
      <Filter>Header Files</Filter>
    </ClInclude>
    <ClInclude Include="include\Matrix.h">
      <Filter>Header Files</Filter>
    </ClInclude>
    <ClInclude Include="include\Particle.h">
      <Filter>Header Files</Filter>
    </ClInclude>
    <ClInclude Include="include\LightSource.h">
      <Filter>Header Files</Filter>
    </ClInclude>
  </ItemGroup>
</Project>