<?xml version="1.0" encoding="utf-8"?>
<Project ToolsVersion="4.0" xmlns="http://schemas.microsoft.com/developer/msbuild/2003">
  <ItemGroup>
    <Filter Include="Source Files">
      <UniqueIdentifier>{4FC737F1-C7A5-4376-A066-2A32D752A2FF}</UniqueIdentifier>
      <Extensions>cpp;c;cc;cxx;def;odl;idl;hpj;bat;asm;asmx</Extensions>
    </Filter>
    <Filter Include="Header Files">
      <UniqueIdentifier>{93995380-89BD-4b04-88EB-625FBE52EBFB}</UniqueIdentifier>
      <Extensions>h;hh;hpp;hxx;hm;inl;inc;ipp;xsd</Extensions>
    </Filter>
    <Filter Include="Resource Files">
      <UniqueIdentifier>{67DA6AB6-F800-4c08-8B7A-83BB121AAD01}</UniqueIdentifier>
      <Extensions>rc;ico;cur;bmp;dlg;rc2;rct;bin;rgs;gif;jpg;jpeg;jpe;resx;tiff;tif;png;wav;mfcribbon-ms</Extensions>
    </Filter>
    <Filter Include="Shader Files">
      <UniqueIdentifier>{9973ed50-5a7e-479d-9f5f-f475e7fed323}</UniqueIdentifier>
    </Filter>
  </ItemGroup>
  <ItemGroup>
    <ClCompile Include="camera.cpp">
      <Filter>Source Files</Filter>
    </ClCompile>
    <ClCompile Include="vector.cpp">
      <Filter>Source Files</Filter>
    </ClCompile>
    <ClCompile Include="matrix.cpp">
      <Filter>Source Files</Filter>
    </ClCompile>
    <ClCompile Include="quaternion.cpp">
      <Filter>Source Files</Filter>
    </ClCompile>
    <ClCompile Include="KeyBuffer.cpp">
      <Filter>Source Files</Filter>
    </ClCompile>
    <ClCompile Include="FullScene.cpp">
      <Filter>Source Files</Filter>
    </ClCompile>
    <ClCompile Include="Mesh.cpp">
      <Filter>Source Files</Filter>
    </ClCompile>
    <ClCompile Include="Scene.cpp">
      <Filter>Source Files</Filter>
    </ClCompile>
    <ClCompile Include="ShaderProgram.cpp">
      <Filter>Source Files</Filter>
    </ClCompile>
    <ClCompile Include="Anime.cpp">
      <Filter>Source Files</Filter>
    </ClCompile>
    <ClCompile Include="MeshLoader.cpp">
      <Filter>Source Files</Filter>
    </ClCompile>
  </ItemGroup>
  <ItemGroup>
    <ClInclude Include="vector.h">
      <Filter>Header Files</Filter>
    </ClInclude>
    <ClInclude Include="matrix.h">
      <Filter>Header Files</Filter>
    </ClInclude>
    <ClInclude Include="camera.h">
      <Filter>Header Files</Filter>
    </ClInclude>
    <ClInclude Include="quaternion.h">
      <Filter>Header Files</Filter>
    </ClInclude>
    <ClInclude Include="KeyBuffer.h">
      <Filter>Header Files</Filter>
    </ClInclude>
    <ClInclude Include="Mesh.h">
      <Filter>Header Files</Filter>
    </ClInclude>
    <ClInclude Include="Scene.h">
      <Filter>Header Files</Filter>
    </ClInclude>
    <ClInclude Include="ShaderProgram.h">
      <Filter>Header Files</Filter>
    </ClInclude>
    <ClInclude Include="Anime.h">
      <Filter>Header Files</Filter>
    </ClInclude>
    <ClInclude Include="MeshLoader.h">
      <Filter>Header Files</Filter>
    </ClInclude>
    <ClInclude Include="Catalog.h">
      <Filter>Header Files</Filter>
    </ClInclude>
  </ItemGroup>
  <ItemGroup>
    <None Include="Shader\cube_fs.glsl">
      <Filter>Shader Files</Filter>
    </None>
    <None Include="Shader\cube_fs_extra.glsl">
      <Filter>Shader Files</Filter>
    </None>
    <None Include="Shader\cube_vs.glsl">
      <Filter>Shader Files</Filter>
    </None>
    <None Include="Shader\cube_vs_shared.glsl">
      <Filter>Shader Files</Filter>
    </None>
    <None Include="Shader\default_fs.glsl">
      <Filter>Shader Files</Filter>
    </None>
    <None Include="Shader\default_vs.glsl">
      <Filter>Shader Files</Filter>
    </None>
    <None Include="Shader\force_color_fs.glsl">
      <Filter>Shader Files</Filter>
    </None>
    <None Include="Shader\force_color_rcv_fs.glsl">
      <Filter>Shader Files</Filter>
    </None>
    <None Include="Shader\force_color_vs.glsl">
      <Filter>Shader Files</Filter>
    </None>
    <None Include="Shader\FragmentShader.glsl">
      <Filter>Shader Files</Filter>
    </None>
    <None Include="Shader\FragmentShaderCamera.glsl">
      <Filter>Shader Files</Filter>
    </None>
    <None Include="Shader\VertexShader.glsl">
      <Filter>Shader Files</Filter>
    </None>
    <None Include="Shader\VertexShaderCamera.glsl">
      <Filter>Shader Files</Filter>
    </None>
  </ItemGroup>
</Project>